{
    "_meta": {
        "hash": {
            "sha256": "57ccbea0db7adad1c86f6529377fabb2e607f98ee25f22a85b007b9743ce074b"
        },
        "pipfile-spec": 6,
        "requires": {
            "python_version": "3.8"
        },
        "sources": [
            {
                "name": "pypi",
                "url": "https://pypi.python.org/simple",
                "verify_ssl": true
            }
        ]
    },
    "default": {
        "certifi": {
            "hashes": [
                "sha256:2bbf76fd432960138b3ef6dda3dde0544f27cbf8546c458e60baf371917ba9ee",
                "sha256:50b1e4f8446b06f41be7dd6338db18e0990601dce795c2b1686458aa7e8fa7d8"
            ],
            "version": "==2021.5.30"
        },
        "elasticsearch": {
            "hashes": [
                "sha256:084979d21cc2955903ecc215bb40b8180207b2bcb5e52ec0ec7dd6f60affd01e",
                "sha256:f3ab1454e646170bbc6796b8707e4bff125234391d2acc022221e1c0313becb4"
            ],
            "index": "pypi",
            "version": "==7.14.0"
        },
        "urllib3": {
            "hashes": [
                "sha256:39fb8672126159acb139a7718dd10806104dec1e2f0f6c88aab05d17df10c8d4",
                "sha256:f57b4c16c62fa2760b7e3d97c35b255512fb6b59a259730f36ba32ce9f8e342f"
            ],
            "version": "==1.26.6"
        }
    },
    "develop": {}
}
